
Microsoft Visual Studio Solution File, Format Version 12.00
# Visual Studio Version 16
VisualStudioVersion = 16.0.29123.88
MinimumVisualStudioVersion = 10.0.40219.1
Project("{9A19103F-16F7-4668-BE54-9A1E7A4F7556}") = "trifenix.agro.db.model", "trifenix.agro.model\trifenix.agro.db.model.csproj", "{DB60061B-BBA7-4E4C-8443-597BC7CA6B68}"
EndProject
Project("{9A19103F-16F7-4668-BE54-9A1E7A4F7556}") = "trifenix.agro.functions", "trifenix.agro.functions\trifenix.agro.functions.csproj", "{8B825801-F6C3-4B65-AFDA-15149C09DBBE}"
EndProject
Project("{9A19103F-16F7-4668-BE54-9A1E7A4F7556}") = "trifenix.agro.model.external", "trifenix.agro.model.external\trifenix.agro.model.external.csproj", "{82AAD928-F0BB-45A7-A453-1B05BCC40C50}"
EndProject
Project("{9A19103F-16F7-4668-BE54-9A1E7A4F7556}") = "trifenix.agro.db.applicationsReference", "trifenix.agro.db.applicationsReference\trifenix.agro.db.applicationsReference.csproj", "{7AC20D7C-A9EE-4E9F-B4AD-A75310423BD8}"
EndProject
Project("{9A19103F-16F7-4668-BE54-9A1E7A4F7556}") = "trifenix.agro.db", "trifenix.agro.db\trifenix.agro.db.csproj", "{20102C52-DADD-458A-8771-6313919A807F}"
EndProject
Project("{9A19103F-16F7-4668-BE54-9A1E7A4F7556}") = "trifenix.agro.db.interfaces", "trifenix.agro.db.interfaces\trifenix.agro.db.interfaces.csproj", "{89B3FD08-DE30-47D1-B62A-BC520750DF09}"
EndProject
Project("{9A19103F-16F7-4668-BE54-9A1E7A4F7556}") = "trifenix.util.extensions", "trifenix.util.extensions\trifenix.util.extensions.csproj", "{29B4CFDF-7E42-4BB4-8FCE-EF6024C65963}"
EndProject
Project("{9A19103F-16F7-4668-BE54-9A1E7A4F7556}") = "trifenix.agro.search.operations", "trifenix.agro.search\trifenix.agro.search.operations.csproj", "{31A4A9F0-DF40-42AC-B091-DC1D6434F039}"
EndProject
Project("{2150E333-8FDC-42A3-9474-1A3956D46DE8}") = "2. db", "2. db", "{AA188391-3994-421D-A7CE-2A0622569EE1}"
EndProject
Project("{2150E333-8FDC-42A3-9474-1A3956D46DE8}") = "5. external", "5. external", "{6682B4F0-4790-44E0-8DF9-A33F62A01634}"
EndProject
Project("{2150E333-8FDC-42A3-9474-1A3956D46DE8}") = "4. output", "4. output", "{85917EE6-3B67-4DEF-8521-9C4C946E5D1B}"
EndProject
Project("{9A19103F-16F7-4668-BE54-9A1E7A4F7556}") = "trifenix.agro.search.model", "trifenix.agro.search.model\trifenix.agro.search.model.csproj", "{55021BD1-AF91-42BD-A049-ED1874F5081A}"
EndProject
Project("{9A19103F-16F7-4668-BE54-9A1E7A4F7556}") = "trifenix.agro.external.interfaces", "trifenix.agro.external.interfaces\trifenix.agro.external.interfaces.csproj", "{1490B1C3-C9DB-4D83-B2FA-C39E75BB35BB}"
EndProject
Project("{9A19103F-16F7-4668-BE54-9A1E7A4F7556}") = "trifenix.agro.external.operations", "trifenix.agro.external.operations\trifenix.agro.external.operations.csproj", "{E6E114EA-5642-4577-92E2-B13E52C711C2}"
EndProject
Project("{9A19103F-16F7-4668-BE54-9A1E7A4F7556}") = "trifenix.agro.storage.interfaces", "trifenix.agro.storage.interfaces\trifenix.agro.storage.interfaces.csproj", "{CFED2B34-BF8C-4DF6-9E56-4C3DD28E18F2}"
EndProject
Project("{9A19103F-16F7-4668-BE54-9A1E7A4F7556}") = "trifenix.agro.storage.operations", "trifenix.agro.storage.operations\trifenix.agro.storage.operations.csproj", "{C3DFF7BF-CC0C-40B9-8B8B-296F9B62EE56}"
EndProject
Project("{9A19103F-16F7-4668-BE54-9A1E7A4F7556}") = "trifenix.agro.common.tests.fakes", "trifenix.agro.common.tests.fakes\trifenix.agro.common.tests.fakes.csproj", "{0D0FBE21-49D8-4C3F-985F-CCA311E92B1D}"
EndProject
Project("{9A19103F-16F7-4668-BE54-9A1E7A4F7556}") = "trifenix.agro.console", "trifenix.agro.console\trifenix.agro.console.csproj", "{65EE9EE8-E926-40A1-80AD-75A82E82ABA2}"
EndProject
Project("{9A19103F-16F7-4668-BE54-9A1E7A4F7556}") = "trifenix.util.exceptions", "trifenix.util.exceptions\trifenix.util.exceptions.csproj", "{732B1C12-D841-4933-AC2F-7038D5B0F6CC}"
EndProject
Project("{9A19103F-16F7-4668-BE54-9A1E7A4F7556}") = "trifenix.agro.authentication.interfaces", "trifenix.agro.authentication.interfaces\trifenix.agro.authentication.interfaces.csproj", "{B999010B-76DB-451F-8697-2D027C99B3DA}"
EndProject
Project("{9A19103F-16F7-4668-BE54-9A1E7A4F7556}") = "trifenix.agro.authentication.operations", "trifenix.agro.authentication.operations\trifenix.agro.authentication.operations.csproj", "{40195058-1B3F-4064-A1C2-62F93101DB32}"
EndProject
Project("{9A19103F-16F7-4668-BE54-9A1E7A4F7556}") = "trifenix.agro.enums", "trifenix.agro.enums\trifenix.agro.enums.csproj", "{5940E74B-02FF-41DF-8CB0-90C69086C44C}"
EndProject
Project("{9A19103F-16F7-4668-BE54-9A1E7A4F7556}") = "trifenix.agro.util", "trifenix.agro.util\trifenix.agro.util.csproj", "{7D4EDE96-D522-47DB-8CD7-A91DFAC0FAB7}"
EndProject
Project("{9A19103F-16F7-4668-BE54-9A1E7A4F7556}") = "trifenix.agro.email.interfaces", "trifenix.agro.email.interfaces\trifenix.agro.email.interfaces.csproj", "{3DCC35D0-CFDC-40A9-B7A4-838B35D0E216}"
EndProject
Project("{9A19103F-16F7-4668-BE54-9A1E7A4F7556}") = "trifenix.agro.email.operations", "trifenix.agro.email.operations\trifenix.agro.email.operations.csproj", "{0A948F6E-5404-48D5-9A28-5146FD341C03}"
EndProject
Project("{9A19103F-16F7-4668-BE54-9A1E7A4F7556}") = "trifenix.agro.microsoftgraph.operations", "trifenix.agro.microsoftgraph.operations\trifenix.agro.microsoftgraph.operations.csproj", "{A174267A-6ABB-44B6-B9AE-7578140E8E64}"
EndProject
Project("{9A19103F-16F7-4668-BE54-9A1E7A4F7556}") = "trifenix.agro.microsoftgraph.interfaces", "trifenix.agro.microsoftgraph.interfaces\trifenix.agro.microsoftgraph.interfaces.csproj", "{2977A9B0-AC1C-4A8F-8E52-8E531247CF94}"
EndProject
Project("{9A19103F-16F7-4668-BE54-9A1E7A4F7556}") = "trifenix.agro.weather.interfaces", "trifenix.agro.weather.interfaces\trifenix.agro.weather.interfaces.csproj", "{ABD164A9-CF43-4D17-AD0A-18F7B7F46188}"
EndProject
Project("{9A19103F-16F7-4668-BE54-9A1E7A4F7556}") = "trifenix.agro.weather.operations", "trifenix.agro.weather.operations\trifenix.agro.weather.operations.csproj", "{E84BDDB5-3407-4646-A5CE-B8C8BE1DC307}"
EndProject
Project("{9A19103F-16F7-4668-BE54-9A1E7A4F7556}") = "trifenix.agro.weather.model", "trifenix.agro.weather.model\trifenix.agro.weather.model.csproj", "{11D1F139-A32E-4677-8852-B938745243FD}"
EndProject
Project("{9A19103F-16F7-4668-BE54-9A1E7A4F7556}") = "trifenix.agro.translator.interfaces", "trifenix.agro.translator.interfaces\trifenix.agro.translator.interfaces.csproj", "{9F75E333-BD51-40DC-A81E-18D7BC377AE2}"
EndProject
Project("{9A19103F-16F7-4668-BE54-9A1E7A4F7556}") = "trifenix.agro.translator.operations", "trifenix.agro.translator.operations\trifenix.agro.translator.operations.csproj", "{B3A5137D-2E94-4748-AE56-A8E5BBB170A5}"
EndProject
Project("{9A19103F-16F7-4668-BE54-9A1E7A4F7556}") = "trifenix.agro.search.interfaces", "trifenix.agro.agrosearch.interfaces\trifenix.agro.search.interfaces.csproj", "{156F7E0F-8EAE-4B18-9F5D-9B94F473C35A}"
EndProject
Project("{9A19103F-16F7-4668-BE54-9A1E7A4F7556}") = "trifenix.agro.swagger.model", "trifenix.agro.swagger.model\trifenix.agro.swagger.model.csproj", "{2185F20F-20E9-4CE4-B8B3-ABAD6030CDE9}"
EndProject
Project("{2150E333-8FDC-42A3-9474-1A3956D46DE8}") = "1. Model", "1. Model", "{FACCD064-19E0-4DEB-8007-C357D5DE3F1D}"
EndProject
Project("{2150E333-8FDC-42A3-9474-1A3956D46DE8}") = "3. interfaces", "3. interfaces", "{874ECDB1-116E-49AB-825B-82384C5A57D5}"
EndProject
Project("{2150E333-8FDC-42A3-9474-1A3956D46DE8}") = "8. services", "8. services", "{C7EA10FB-7451-4775-B7B7-FE8D1DF9E7F7}"
EndProject
Project("{2150E333-8FDC-42A3-9474-1A3956D46DE8}") = "6. common", "6. common", "{E281F827-E0A7-469B-B19D-20C697EA7C3A}"
EndProject
Project("{2150E333-8FDC-42A3-9474-1A3956D46DE8}") = "9. tests", "9. tests", "{C34D0030-032A-4BA0-96F4-DE195CB0B0D6}"
EndProject
Project("{9A19103F-16F7-4668-BE54-9A1E7A4F7556}") = "trifenix.agro.cosmosdbinitializer.operations", "DatabaseInitializer\trifenix.agro.cosmosdbinitializer.operations.csproj", "{F31E535C-C8AE-4836-8035-755D49658A46}"
EndProject
Project("{9A19103F-16F7-4668-BE54-9A1E7A4F7556}") = "trifenix.agro.cosmosdbinitializer.interfaces", "trifenix.agro.cosmosdbinitializer.interfaces\trifenix.agro.cosmosdbinitializer.interfaces.csproj", "{31B8C9E9-1271-47D4-B27A-D2984E715F0A}"
EndProject
Project("{9A19103F-16F7-4668-BE54-9A1E7A4F7556}") = "trifenix.agro.attr", "trifenix.agro.attr\trifenix.agro.attr.csproj", "{9F512D4C-BB7F-4E04-B910-5ED9D66196F6}"
EndProject
Project("{9A19103F-16F7-4668-BE54-9A1E7A4F7556}") = "trifenix.typegen", "trifenix.typegen\trifenix.typegen.csproj", "{0AA42D20-30E0-4A29-908A-211393200176}"
EndProject
Project("{9A19103F-16F7-4668-BE54-9A1E7A4F7556}") = "trifenix.agro.validator.operations", "trifenix.agro.validator.operations\trifenix.agro.validator.operations.csproj", "{B7CABCB2-B345-4988-9C60-6CCB8DF2F74C}"
EndProject
Project("{9A19103F-16F7-4668-BE54-9A1E7A4F7556}") = "trifenix.agro.validator.interfaces", "trifenix.agro.validator.interfaces\trifenix.agro.validator.interfaces.csproj", "{EBF55AAD-4E5D-4A24-BC7F-92FF4BD67F4D}"
EndProject
Project("{2150E333-8FDC-42A3-9474-1A3956D46DE8}") = "res", "res", "{D1B517F8-5462-4F82-8587-C927FA7C34D9}"
EndProject
Project("{9A19103F-16F7-4668-BE54-9A1E7A4F7556}") = "res.model", "res.model.db\res.model.csproj", "{2C20731A-0254-4AB9-A376-AA9CC366FC35}"
EndProject
Project("{9A19103F-16F7-4668-BE54-9A1E7A4F7556}") = "res.core", "res.core\res.core.csproj", "{7391D100-7F54-436F-8890-D97A7A7F8BC3}"
EndProject
Global
	GlobalSection(SolutionConfigurationPlatforms) = preSolution
		Debug|Any CPU = Debug|Any CPU
		Release|Any CPU = Release|Any CPU
	EndGlobalSection
	GlobalSection(ProjectConfigurationPlatforms) = postSolution
		{DB60061B-BBA7-4E4C-8443-597BC7CA6B68}.Debug|Any CPU.ActiveCfg = Debug|Any CPU
		{DB60061B-BBA7-4E4C-8443-597BC7CA6B68}.Debug|Any CPU.Build.0 = Debug|Any CPU
		{DB60061B-BBA7-4E4C-8443-597BC7CA6B68}.Release|Any CPU.ActiveCfg = Release|Any CPU
		{DB60061B-BBA7-4E4C-8443-597BC7CA6B68}.Release|Any CPU.Build.0 = Release|Any CPU
		{8B825801-F6C3-4B65-AFDA-15149C09DBBE}.Debug|Any CPU.ActiveCfg = Debug|Any CPU
		{8B825801-F6C3-4B65-AFDA-15149C09DBBE}.Debug|Any CPU.Build.0 = Debug|Any CPU
		{8B825801-F6C3-4B65-AFDA-15149C09DBBE}.Release|Any CPU.ActiveCfg = Release|Any CPU
		{8B825801-F6C3-4B65-AFDA-15149C09DBBE}.Release|Any CPU.Build.0 = Release|Any CPU
		{82AAD928-F0BB-45A7-A453-1B05BCC40C50}.Debug|Any CPU.ActiveCfg = Debug|Any CPU
		{82AAD928-F0BB-45A7-A453-1B05BCC40C50}.Debug|Any CPU.Build.0 = Debug|Any CPU
		{82AAD928-F0BB-45A7-A453-1B05BCC40C50}.Release|Any CPU.ActiveCfg = Release|Any CPU
		{82AAD928-F0BB-45A7-A453-1B05BCC40C50}.Release|Any CPU.Build.0 = Release|Any CPU
		{7AC20D7C-A9EE-4E9F-B4AD-A75310423BD8}.Debug|Any CPU.ActiveCfg = Debug|Any CPU
		{7AC20D7C-A9EE-4E9F-B4AD-A75310423BD8}.Debug|Any CPU.Build.0 = Debug|Any CPU
		{7AC20D7C-A9EE-4E9F-B4AD-A75310423BD8}.Release|Any CPU.ActiveCfg = Release|Any CPU
		{7AC20D7C-A9EE-4E9F-B4AD-A75310423BD8}.Release|Any CPU.Build.0 = Release|Any CPU
		{20102C52-DADD-458A-8771-6313919A807F}.Debug|Any CPU.ActiveCfg = Debug|Any CPU
		{20102C52-DADD-458A-8771-6313919A807F}.Debug|Any CPU.Build.0 = Debug|Any CPU
		{20102C52-DADD-458A-8771-6313919A807F}.Release|Any CPU.ActiveCfg = Release|Any CPU
		{20102C52-DADD-458A-8771-6313919A807F}.Release|Any CPU.Build.0 = Release|Any CPU
		{89B3FD08-DE30-47D1-B62A-BC520750DF09}.Debug|Any CPU.ActiveCfg = Debug|Any CPU
		{89B3FD08-DE30-47D1-B62A-BC520750DF09}.Debug|Any CPU.Build.0 = Debug|Any CPU
		{89B3FD08-DE30-47D1-B62A-BC520750DF09}.Release|Any CPU.ActiveCfg = Release|Any CPU
		{89B3FD08-DE30-47D1-B62A-BC520750DF09}.Release|Any CPU.Build.0 = Release|Any CPU
		{29B4CFDF-7E42-4BB4-8FCE-EF6024C65963}.Debug|Any CPU.ActiveCfg = Debug|Any CPU
		{29B4CFDF-7E42-4BB4-8FCE-EF6024C65963}.Debug|Any CPU.Build.0 = Debug|Any CPU
		{29B4CFDF-7E42-4BB4-8FCE-EF6024C65963}.Release|Any CPU.ActiveCfg = Release|Any CPU
		{29B4CFDF-7E42-4BB4-8FCE-EF6024C65963}.Release|Any CPU.Build.0 = Release|Any CPU
		{31A4A9F0-DF40-42AC-B091-DC1D6434F039}.Debug|Any CPU.ActiveCfg = Debug|Any CPU
		{31A4A9F0-DF40-42AC-B091-DC1D6434F039}.Debug|Any CPU.Build.0 = Debug|Any CPU
		{31A4A9F0-DF40-42AC-B091-DC1D6434F039}.Release|Any CPU.ActiveCfg = Release|Any CPU
		{31A4A9F0-DF40-42AC-B091-DC1D6434F039}.Release|Any CPU.Build.0 = Release|Any CPU
		{55021BD1-AF91-42BD-A049-ED1874F5081A}.Debug|Any CPU.ActiveCfg = Debug|Any CPU
		{55021BD1-AF91-42BD-A049-ED1874F5081A}.Debug|Any CPU.Build.0 = Debug|Any CPU
		{55021BD1-AF91-42BD-A049-ED1874F5081A}.Release|Any CPU.ActiveCfg = Release|Any CPU
		{55021BD1-AF91-42BD-A049-ED1874F5081A}.Release|Any CPU.Build.0 = Release|Any CPU
		{1490B1C3-C9DB-4D83-B2FA-C39E75BB35BB}.Debug|Any CPU.ActiveCfg = Debug|Any CPU
		{1490B1C3-C9DB-4D83-B2FA-C39E75BB35BB}.Debug|Any CPU.Build.0 = Debug|Any CPU
		{1490B1C3-C9DB-4D83-B2FA-C39E75BB35BB}.Release|Any CPU.ActiveCfg = Release|Any CPU
		{1490B1C3-C9DB-4D83-B2FA-C39E75BB35BB}.Release|Any CPU.Build.0 = Release|Any CPU
		{E6E114EA-5642-4577-92E2-B13E52C711C2}.Debug|Any CPU.ActiveCfg = Debug|Any CPU
		{E6E114EA-5642-4577-92E2-B13E52C711C2}.Debug|Any CPU.Build.0 = Debug|Any CPU
		{E6E114EA-5642-4577-92E2-B13E52C711C2}.Release|Any CPU.ActiveCfg = Release|Any CPU
		{E6E114EA-5642-4577-92E2-B13E52C711C2}.Release|Any CPU.Build.0 = Release|Any CPU
		{CFED2B34-BF8C-4DF6-9E56-4C3DD28E18F2}.Debug|Any CPU.ActiveCfg = Debug|Any CPU
		{CFED2B34-BF8C-4DF6-9E56-4C3DD28E18F2}.Debug|Any CPU.Build.0 = Debug|Any CPU
		{CFED2B34-BF8C-4DF6-9E56-4C3DD28E18F2}.Release|Any CPU.ActiveCfg = Release|Any CPU
		{CFED2B34-BF8C-4DF6-9E56-4C3DD28E18F2}.Release|Any CPU.Build.0 = Release|Any CPU
		{C3DFF7BF-CC0C-40B9-8B8B-296F9B62EE56}.Debug|Any CPU.ActiveCfg = Debug|Any CPU
		{C3DFF7BF-CC0C-40B9-8B8B-296F9B62EE56}.Debug|Any CPU.Build.0 = Debug|Any CPU
		{C3DFF7BF-CC0C-40B9-8B8B-296F9B62EE56}.Release|Any CPU.ActiveCfg = Release|Any CPU
		{C3DFF7BF-CC0C-40B9-8B8B-296F9B62EE56}.Release|Any CPU.Build.0 = Release|Any CPU
		{0D0FBE21-49D8-4C3F-985F-CCA311E92B1D}.Debug|Any CPU.ActiveCfg = Debug|Any CPU
		{0D0FBE21-49D8-4C3F-985F-CCA311E92B1D}.Debug|Any CPU.Build.0 = Debug|Any CPU
		{0D0FBE21-49D8-4C3F-985F-CCA311E92B1D}.Release|Any CPU.ActiveCfg = Release|Any CPU
		{0D0FBE21-49D8-4C3F-985F-CCA311E92B1D}.Release|Any CPU.Build.0 = Release|Any CPU
		{65EE9EE8-E926-40A1-80AD-75A82E82ABA2}.Debug|Any CPU.ActiveCfg = Debug|Any CPU
		{65EE9EE8-E926-40A1-80AD-75A82E82ABA2}.Debug|Any CPU.Build.0 = Debug|Any CPU
		{65EE9EE8-E926-40A1-80AD-75A82E82ABA2}.Release|Any CPU.ActiveCfg = Release|Any CPU
		{65EE9EE8-E926-40A1-80AD-75A82E82ABA2}.Release|Any CPU.Build.0 = Release|Any CPU
		{732B1C12-D841-4933-AC2F-7038D5B0F6CC}.Debug|Any CPU.ActiveCfg = Debug|Any CPU
		{732B1C12-D841-4933-AC2F-7038D5B0F6CC}.Debug|Any CPU.Build.0 = Debug|Any CPU
		{732B1C12-D841-4933-AC2F-7038D5B0F6CC}.Release|Any CPU.ActiveCfg = Release|Any CPU
		{732B1C12-D841-4933-AC2F-7038D5B0F6CC}.Release|Any CPU.Build.0 = Release|Any CPU
		{B999010B-76DB-451F-8697-2D027C99B3DA}.Debug|Any CPU.ActiveCfg = Debug|Any CPU
		{B999010B-76DB-451F-8697-2D027C99B3DA}.Debug|Any CPU.Build.0 = Debug|Any CPU
		{B999010B-76DB-451F-8697-2D027C99B3DA}.Release|Any CPU.ActiveCfg = Release|Any CPU
		{B999010B-76DB-451F-8697-2D027C99B3DA}.Release|Any CPU.Build.0 = Release|Any CPU
		{40195058-1B3F-4064-A1C2-62F93101DB32}.Debug|Any CPU.ActiveCfg = Debug|Any CPU
		{40195058-1B3F-4064-A1C2-62F93101DB32}.Debug|Any CPU.Build.0 = Debug|Any CPU
		{40195058-1B3F-4064-A1C2-62F93101DB32}.Release|Any CPU.ActiveCfg = Release|Any CPU
		{40195058-1B3F-4064-A1C2-62F93101DB32}.Release|Any CPU.Build.0 = Release|Any CPU
		{5940E74B-02FF-41DF-8CB0-90C69086C44C}.Debug|Any CPU.ActiveCfg = Debug|Any CPU
		{5940E74B-02FF-41DF-8CB0-90C69086C44C}.Debug|Any CPU.Build.0 = Debug|Any CPU
		{5940E74B-02FF-41DF-8CB0-90C69086C44C}.Release|Any CPU.ActiveCfg = Release|Any CPU
		{5940E74B-02FF-41DF-8CB0-90C69086C44C}.Release|Any CPU.Build.0 = Release|Any CPU
		{7D4EDE96-D522-47DB-8CD7-A91DFAC0FAB7}.Debug|Any CPU.ActiveCfg = Debug|Any CPU
		{7D4EDE96-D522-47DB-8CD7-A91DFAC0FAB7}.Debug|Any CPU.Build.0 = Debug|Any CPU
		{7D4EDE96-D522-47DB-8CD7-A91DFAC0FAB7}.Release|Any CPU.ActiveCfg = Release|Any CPU
		{7D4EDE96-D522-47DB-8CD7-A91DFAC0FAB7}.Release|Any CPU.Build.0 = Release|Any CPU
		{3DCC35D0-CFDC-40A9-B7A4-838B35D0E216}.Debug|Any CPU.ActiveCfg = Debug|Any CPU
		{3DCC35D0-CFDC-40A9-B7A4-838B35D0E216}.Debug|Any CPU.Build.0 = Debug|Any CPU
		{3DCC35D0-CFDC-40A9-B7A4-838B35D0E216}.Release|Any CPU.ActiveCfg = Release|Any CPU
		{3DCC35D0-CFDC-40A9-B7A4-838B35D0E216}.Release|Any CPU.Build.0 = Release|Any CPU
		{0A948F6E-5404-48D5-9A28-5146FD341C03}.Debug|Any CPU.ActiveCfg = Debug|Any CPU
		{0A948F6E-5404-48D5-9A28-5146FD341C03}.Debug|Any CPU.Build.0 = Debug|Any CPU
		{0A948F6E-5404-48D5-9A28-5146FD341C03}.Release|Any CPU.ActiveCfg = Release|Any CPU
		{0A948F6E-5404-48D5-9A28-5146FD341C03}.Release|Any CPU.Build.0 = Release|Any CPU
		{A174267A-6ABB-44B6-B9AE-7578140E8E64}.Debug|Any CPU.ActiveCfg = Debug|Any CPU
		{A174267A-6ABB-44B6-B9AE-7578140E8E64}.Debug|Any CPU.Build.0 = Debug|Any CPU
		{A174267A-6ABB-44B6-B9AE-7578140E8E64}.Release|Any CPU.ActiveCfg = Release|Any CPU
		{A174267A-6ABB-44B6-B9AE-7578140E8E64}.Release|Any CPU.Build.0 = Release|Any CPU
		{2977A9B0-AC1C-4A8F-8E52-8E531247CF94}.Debug|Any CPU.ActiveCfg = Debug|Any CPU
		{2977A9B0-AC1C-4A8F-8E52-8E531247CF94}.Debug|Any CPU.Build.0 = Debug|Any CPU
		{2977A9B0-AC1C-4A8F-8E52-8E531247CF94}.Release|Any CPU.ActiveCfg = Release|Any CPU
		{2977A9B0-AC1C-4A8F-8E52-8E531247CF94}.Release|Any CPU.Build.0 = Release|Any CPU
		{ABD164A9-CF43-4D17-AD0A-18F7B7F46188}.Debug|Any CPU.ActiveCfg = Debug|Any CPU
		{ABD164A9-CF43-4D17-AD0A-18F7B7F46188}.Debug|Any CPU.Build.0 = Debug|Any CPU
		{ABD164A9-CF43-4D17-AD0A-18F7B7F46188}.Release|Any CPU.ActiveCfg = Release|Any CPU
		{ABD164A9-CF43-4D17-AD0A-18F7B7F46188}.Release|Any CPU.Build.0 = Release|Any CPU
		{E84BDDB5-3407-4646-A5CE-B8C8BE1DC307}.Debug|Any CPU.ActiveCfg = Debug|Any CPU
		{E84BDDB5-3407-4646-A5CE-B8C8BE1DC307}.Debug|Any CPU.Build.0 = Debug|Any CPU
		{E84BDDB5-3407-4646-A5CE-B8C8BE1DC307}.Release|Any CPU.ActiveCfg = Release|Any CPU
		{E84BDDB5-3407-4646-A5CE-B8C8BE1DC307}.Release|Any CPU.Build.0 = Release|Any CPU
		{11D1F139-A32E-4677-8852-B938745243FD}.Debug|Any CPU.ActiveCfg = Debug|Any CPU
		{11D1F139-A32E-4677-8852-B938745243FD}.Debug|Any CPU.Build.0 = Debug|Any CPU
		{11D1F139-A32E-4677-8852-B938745243FD}.Release|Any CPU.ActiveCfg = Release|Any CPU
		{11D1F139-A32E-4677-8852-B938745243FD}.Release|Any CPU.Build.0 = Release|Any CPU
		{9F75E333-BD51-40DC-A81E-18D7BC377AE2}.Debug|Any CPU.ActiveCfg = Debug|Any CPU
		{9F75E333-BD51-40DC-A81E-18D7BC377AE2}.Debug|Any CPU.Build.0 = Debug|Any CPU
		{9F75E333-BD51-40DC-A81E-18D7BC377AE2}.Release|Any CPU.ActiveCfg = Release|Any CPU
		{9F75E333-BD51-40DC-A81E-18D7BC377AE2}.Release|Any CPU.Build.0 = Release|Any CPU
		{B3A5137D-2E94-4748-AE56-A8E5BBB170A5}.Debug|Any CPU.ActiveCfg = Debug|Any CPU
		{B3A5137D-2E94-4748-AE56-A8E5BBB170A5}.Debug|Any CPU.Build.0 = Debug|Any CPU
		{B3A5137D-2E94-4748-AE56-A8E5BBB170A5}.Release|Any CPU.ActiveCfg = Release|Any CPU
		{B3A5137D-2E94-4748-AE56-A8E5BBB170A5}.Release|Any CPU.Build.0 = Release|Any CPU
		{156F7E0F-8EAE-4B18-9F5D-9B94F473C35A}.Debug|Any CPU.ActiveCfg = Debug|Any CPU
		{156F7E0F-8EAE-4B18-9F5D-9B94F473C35A}.Debug|Any CPU.Build.0 = Debug|Any CPU
		{156F7E0F-8EAE-4B18-9F5D-9B94F473C35A}.Release|Any CPU.ActiveCfg = Release|Any CPU
		{156F7E0F-8EAE-4B18-9F5D-9B94F473C35A}.Release|Any CPU.Build.0 = Release|Any CPU
		{2185F20F-20E9-4CE4-B8B3-ABAD6030CDE9}.Debug|Any CPU.ActiveCfg = Debug|Any CPU
		{2185F20F-20E9-4CE4-B8B3-ABAD6030CDE9}.Debug|Any CPU.Build.0 = Debug|Any CPU
		{2185F20F-20E9-4CE4-B8B3-ABAD6030CDE9}.Release|Any CPU.ActiveCfg = Release|Any CPU
		{2185F20F-20E9-4CE4-B8B3-ABAD6030CDE9}.Release|Any CPU.Build.0 = Release|Any CPU
		{F31E535C-C8AE-4836-8035-755D49658A46}.Debug|Any CPU.ActiveCfg = Debug|Any CPU
		{F31E535C-C8AE-4836-8035-755D49658A46}.Debug|Any CPU.Build.0 = Debug|Any CPU
		{F31E535C-C8AE-4836-8035-755D49658A46}.Release|Any CPU.ActiveCfg = Release|Any CPU
		{F31E535C-C8AE-4836-8035-755D49658A46}.Release|Any CPU.Build.0 = Release|Any CPU
		{31B8C9E9-1271-47D4-B27A-D2984E715F0A}.Debug|Any CPU.ActiveCfg = Debug|Any CPU
		{31B8C9E9-1271-47D4-B27A-D2984E715F0A}.Debug|Any CPU.Build.0 = Debug|Any CPU
		{31B8C9E9-1271-47D4-B27A-D2984E715F0A}.Release|Any CPU.ActiveCfg = Release|Any CPU
		{31B8C9E9-1271-47D4-B27A-D2984E715F0A}.Release|Any CPU.Build.0 = Release|Any CPU
		{9F512D4C-BB7F-4E04-B910-5ED9D66196F6}.Debug|Any CPU.ActiveCfg = Debug|Any CPU
		{9F512D4C-BB7F-4E04-B910-5ED9D66196F6}.Debug|Any CPU.Build.0 = Debug|Any CPU
		{9F512D4C-BB7F-4E04-B910-5ED9D66196F6}.Release|Any CPU.ActiveCfg = Release|Any CPU
		{9F512D4C-BB7F-4E04-B910-5ED9D66196F6}.Release|Any CPU.Build.0 = Release|Any CPU
		{0AA42D20-30E0-4A29-908A-211393200176}.Debug|Any CPU.ActiveCfg = Debug|Any CPU
		{0AA42D20-30E0-4A29-908A-211393200176}.Debug|Any CPU.Build.0 = Debug|Any CPU
		{0AA42D20-30E0-4A29-908A-211393200176}.Release|Any CPU.ActiveCfg = Release|Any CPU
		{0AA42D20-30E0-4A29-908A-211393200176}.Release|Any CPU.Build.0 = Release|Any CPU
		{B7CABCB2-B345-4988-9C60-6CCB8DF2F74C}.Debug|Any CPU.ActiveCfg = Debug|Any CPU
		{B7CABCB2-B345-4988-9C60-6CCB8DF2F74C}.Debug|Any CPU.Build.0 = Debug|Any CPU
		{B7CABCB2-B345-4988-9C60-6CCB8DF2F74C}.Release|Any CPU.ActiveCfg = Release|Any CPU
		{B7CABCB2-B345-4988-9C60-6CCB8DF2F74C}.Release|Any CPU.Build.0 = Release|Any CPU
		{EBF55AAD-4E5D-4A24-BC7F-92FF4BD67F4D}.Debug|Any CPU.ActiveCfg = Debug|Any CPU
		{EBF55AAD-4E5D-4A24-BC7F-92FF4BD67F4D}.Debug|Any CPU.Build.0 = Debug|Any CPU
		{EBF55AAD-4E5D-4A24-BC7F-92FF4BD67F4D}.Release|Any CPU.ActiveCfg = Release|Any CPU
		{EBF55AAD-4E5D-4A24-BC7F-92FF4BD67F4D}.Release|Any CPU.Build.0 = Release|Any CPU
		{2C20731A-0254-4AB9-A376-AA9CC366FC35}.Debug|Any CPU.ActiveCfg = Debug|Any CPU
		{2C20731A-0254-4AB9-A376-AA9CC366FC35}.Debug|Any CPU.Build.0 = Debug|Any CPU
		{2C20731A-0254-4AB9-A376-AA9CC366FC35}.Release|Any CPU.ActiveCfg = Release|Any CPU
		{2C20731A-0254-4AB9-A376-AA9CC366FC35}.Release|Any CPU.Build.0 = Release|Any CPU
		{7391D100-7F54-436F-8890-D97A7A7F8BC3}.Debug|Any CPU.ActiveCfg = Debug|Any CPU
		{7391D100-7F54-436F-8890-D97A7A7F8BC3}.Debug|Any CPU.Build.0 = Debug|Any CPU
		{7391D100-7F54-436F-8890-D97A7A7F8BC3}.Release|Any CPU.ActiveCfg = Release|Any CPU
		{7391D100-7F54-436F-8890-D97A7A7F8BC3}.Release|Any CPU.Build.0 = Release|Any CPU
	EndGlobalSection
	GlobalSection(SolutionProperties) = preSolution
		HideSolutionNode = FALSE
	EndGlobalSection
	GlobalSection(NestedProjects) = preSolution
		{DB60061B-BBA7-4E4C-8443-597BC7CA6B68} = {FACCD064-19E0-4DEB-8007-C357D5DE3F1D}
		{8B825801-F6C3-4B65-AFDA-15149C09DBBE} = {85917EE6-3B67-4DEF-8521-9C4C946E5D1B}
		{82AAD928-F0BB-45A7-A453-1B05BCC40C50} = {FACCD064-19E0-4DEB-8007-C357D5DE3F1D}
		{7AC20D7C-A9EE-4E9F-B4AD-A75310423BD8} = {AA188391-3994-421D-A7CE-2A0622569EE1}
		{20102C52-DADD-458A-8771-6313919A807F} = {AA188391-3994-421D-A7CE-2A0622569EE1}
		{89B3FD08-DE30-47D1-B62A-BC520750DF09} = {874ECDB1-116E-49AB-825B-82384C5A57D5}
		{29B4CFDF-7E42-4BB4-8FCE-EF6024C65963} = {E281F827-E0A7-469B-B19D-20C697EA7C3A}
		{31A4A9F0-DF40-42AC-B091-DC1D6434F039} = {C7EA10FB-7451-4775-B7B7-FE8D1DF9E7F7}
		{55021BD1-AF91-42BD-A049-ED1874F5081A} = {FACCD064-19E0-4DEB-8007-C357D5DE3F1D}
		{1490B1C3-C9DB-4D83-B2FA-C39E75BB35BB} = {874ECDB1-116E-49AB-825B-82384C5A57D5}
		{E6E114EA-5642-4577-92E2-B13E52C711C2} = {6682B4F0-4790-44E0-8DF9-A33F62A01634}
		{CFED2B34-BF8C-4DF6-9E56-4C3DD28E18F2} = {874ECDB1-116E-49AB-825B-82384C5A57D5}
		{C3DFF7BF-CC0C-40B9-8B8B-296F9B62EE56} = {C7EA10FB-7451-4775-B7B7-FE8D1DF9E7F7}
		{0D0FBE21-49D8-4C3F-985F-CCA311E92B1D} = {C34D0030-032A-4BA0-96F4-DE195CB0B0D6}
		{65EE9EE8-E926-40A1-80AD-75A82E82ABA2} = {85917EE6-3B67-4DEF-8521-9C4C946E5D1B}
		{732B1C12-D841-4933-AC2F-7038D5B0F6CC} = {E281F827-E0A7-469B-B19D-20C697EA7C3A}
		{B999010B-76DB-451F-8697-2D027C99B3DA} = {874ECDB1-116E-49AB-825B-82384C5A57D5}
		{40195058-1B3F-4064-A1C2-62F93101DB32} = {C7EA10FB-7451-4775-B7B7-FE8D1DF9E7F7}
		{5940E74B-02FF-41DF-8CB0-90C69086C44C} = {E281F827-E0A7-469B-B19D-20C697EA7C3A}
		{7D4EDE96-D522-47DB-8CD7-A91DFAC0FAB7} = {E281F827-E0A7-469B-B19D-20C697EA7C3A}
		{3DCC35D0-CFDC-40A9-B7A4-838B35D0E216} = {874ECDB1-116E-49AB-825B-82384C5A57D5}
		{0A948F6E-5404-48D5-9A28-5146FD341C03} = {C7EA10FB-7451-4775-B7B7-FE8D1DF9E7F7}
		{A174267A-6ABB-44B6-B9AE-7578140E8E64} = {C7EA10FB-7451-4775-B7B7-FE8D1DF9E7F7}
		{2977A9B0-AC1C-4A8F-8E52-8E531247CF94} = {874ECDB1-116E-49AB-825B-82384C5A57D5}
		{ABD164A9-CF43-4D17-AD0A-18F7B7F46188} = {874ECDB1-116E-49AB-825B-82384C5A57D5}
		{E84BDDB5-3407-4646-A5CE-B8C8BE1DC307} = {C7EA10FB-7451-4775-B7B7-FE8D1DF9E7F7}
		{11D1F139-A32E-4677-8852-B938745243FD} = {FACCD064-19E0-4DEB-8007-C357D5DE3F1D}
		{9F75E333-BD51-40DC-A81E-18D7BC377AE2} = {874ECDB1-116E-49AB-825B-82384C5A57D5}
		{B3A5137D-2E94-4748-AE56-A8E5BBB170A5} = {C7EA10FB-7451-4775-B7B7-FE8D1DF9E7F7}
		{156F7E0F-8EAE-4B18-9F5D-9B94F473C35A} = {874ECDB1-116E-49AB-825B-82384C5A57D5}
		{2185F20F-20E9-4CE4-B8B3-ABAD6030CDE9} = {FACCD064-19E0-4DEB-8007-C357D5DE3F1D}
		{F31E535C-C8AE-4836-8035-755D49658A46} = {C7EA10FB-7451-4775-B7B7-FE8D1DF9E7F7}
		{31B8C9E9-1271-47D4-B27A-D2984E715F0A} = {874ECDB1-116E-49AB-825B-82384C5A57D5}
		{9F512D4C-BB7F-4E04-B910-5ED9D66196F6} = {E281F827-E0A7-469B-B19D-20C697EA7C3A}
		{0AA42D20-30E0-4A29-908A-211393200176} = {85917EE6-3B67-4DEF-8521-9C4C946E5D1B}
		{B7CABCB2-B345-4988-9C60-6CCB8DF2F74C} = {C7EA10FB-7451-4775-B7B7-FE8D1DF9E7F7}
		{EBF55AAD-4E5D-4A24-BC7F-92FF4BD67F4D} = {874ECDB1-116E-49AB-825B-82384C5A57D5}
		{2C20731A-0254-4AB9-A376-AA9CC366FC35} = {D1B517F8-5462-4F82-8587-C927FA7C34D9}
		{7391D100-7F54-436F-8890-D97A7A7F8BC3} = {D1B517F8-5462-4F82-8587-C927FA7C34D9}
	EndGlobalSection
	GlobalSection(ExtensibilityGlobals) = postSolution
		SolutionGuid = {2C0C9D82-464E-4741-8541-CDC460278FEC}
	EndGlobalSection
EndGlobal
