
Microsoft Visual Studio Solution File, Format Version 12.00
# Visual Studio Version 16
VisualStudioVersion = 16.0.29123.88
MinimumVisualStudioVersion = 10.0.40219.1
Project("{9A19103F-16F7-4668-BE54-9A1E7A4F7556}") = "trifenix.agro.functions", "trifenix.agro.functions\trifenix.agro.functions.csproj", "{8B825801-F6C3-4B65-AFDA-15149C09DBBE}"
EndProject
Project("{2150E333-8FDC-42A3-9474-1A3956D46DE8}") = "4. output", "4. output", "{85917EE6-3B67-4DEF-8521-9C4C946E5D1B}"
EndProject
Project("{9A19103F-16F7-4668-BE54-9A1E7A4F7556}") = "trifenix.agro.console", "trifenix.agro.console\trifenix.agro.console.csproj", "{65EE9EE8-E926-40A1-80AD-75A82E82ABA2}"
EndProject
Project("{2150E333-8FDC-42A3-9474-1A3956D46DE8}") = "yo-fenix", "yo-fenix", "{297C0E5E-8B8E-4365-8E45-B795596FB57A}"
EndProject
Project("{9A19103F-16F7-4668-BE54-9A1E7A4F7556}") = "trifenix.connect.mdm", "yofenix\trifenix.connect.mdm.csproj", "{E6A09456-0499-4124-9170-C46A70344131}"
EndProject
Project("{9A19103F-16F7-4668-BE54-9A1E7A4F7556}") = "trifenix.connect.agro", "trifenix.connect.agro\trifenix.connect.agro.csproj", "{70445617-9BA5-4DEF-8380-24A359BFE323}"
EndProject
Project("{9A19103F-16F7-4668-BE54-9A1E7A4F7556}") = "mdm-gen", "mdm-gen\mdm-gen.csproj", "{F471F8BD-12BA-4D30-863A-77D847EAB5A1}"
EndProject
Project("{9A19103F-16F7-4668-BE54-9A1E7A4F7556}") = "trifenix.connect", "trifenix.connect\trifenix.connect.csproj", "{75FF7996-B064-40C7-A099-8029DC07262A}"
EndProject
Project("{9A19103F-16F7-4668-BE54-9A1E7A4F7556}") = "trifenix.connect.test", "trifenix.connect.test\trifenix.connect.test.csproj", "{F9813F3A-0F57-46B2-BE1E-DECA341E6F42}"
EndProject
Project("{FAE04EC0-301F-11D3-BF4B-00C04F79EFBC}") = "trifenix.agro.app", "trifenix.agro.app\trifenix.agro.app.csproj", "{291A042F-8643-44E5-87FB-8E5F03AF7B04}"
EndProject
Project("{2150E333-8FDC-42A3-9474-1A3956D46DE8}") = "forms", "forms", "{23C37ED3-B158-4C66-B4DE-47C7AF78E08D}"
EndProject
Project("{9A19103F-16F7-4668-BE54-9A1E7A4F7556}") = "trifenix.connect.app.cloud", "trifenix.connect.app.cloud\trifenix.connect.app.cloud.csproj", "{FF9ED374-6CB2-42A5-A30E-F00140834DBE}"
EndProject
Project("{9A19103F-16F7-4668-BE54-9A1E7A4F7556}") = "trifenix.connect.interfaces", "trifenix.connect.interfaces\trifenix.connect.interfaces.csproj", "{67E4E4D0-8248-4235-B7F1-963B1617A825}"
EndProject
Project("{2150E333-8FDC-42A3-9474-1A3956D46DE8}") = "interfaces", "interfaces", "{6E68CDFE-6001-453D-8006-71282761E711}"
EndProject
Project("{9A19103F-16F7-4668-BE54-9A1E7A4F7556}") = "trifenix.connect.interfaces.web", "trifenix.connect.interfaces.web\trifenix.connect.interfaces.web.csproj", "{3CAB6709-F5B1-4C31-B77E-56976FB90B04}"
EndProject
Project("{9A19103F-16F7-4668-BE54-9A1E7A4F7556}") = "trifenix.connect.entities.cosmos", "trifenix.connect.entities.cosmos\trifenix.connect.entities.cosmos.csproj", "{2493D12A-A4FD-4A2C-BAB7-7A5683D44F5F}"
EndProject
Project("{9A19103F-16F7-4668-BE54-9A1E7A4F7556}") = "trifenix.connect.interfaces.db.cosmos", "trifenix.connect.interfaces.db.cosmos\trifenix.connect.interfaces.db.cosmos.csproj", "{C873C8DD-BFC1-4E92-B7B7-4E362B068F20}"
EndProject
Project("{2150E333-8FDC-42A3-9474-1A3956D46DE8}") = "agro-interfaces", "agro-interfaces", "{2913876B-E5CC-446D-B6BF-B8A5F0FBF6DF}"
EndProject
Project("{9A19103F-16F7-4668-BE54-9A1E7A4F7556}") = "trifenix.connect.agro.interfaces.cosmos", "trifenix.connect.agro.interfaces.cosmos\trifenix.connect.agro.interfaces.cosmos.csproj", "{535D783D-3A6E-48FA-BA35-A1D3DC227C7A}"
EndProject
Project("{9A19103F-16F7-4668-BE54-9A1E7A4F7556}") = "trifenix.connect.db.cosmos", "trifenix.connect.db.cosmos\trifenix.connect.db.cosmos.csproj", "{E3CE218A-563D-465A-A825-0A5422899CB1}"
EndProject
Project("{9A19103F-16F7-4668-BE54-9A1E7A4F7556}") = "trifenix.connect.interfaces.external", "trifenix.connect.interfaces.external\trifenix.connect.interfaces.external.csproj", "{ACA9C1BD-B86F-4E78-917E-3723A2ECE4C2}"
EndProject
Project("{9A19103F-16F7-4668-BE54-9A1E7A4F7556}") = "trifenix.connect.interfaces.search", "trifenix.connect.interfaces.search\trifenix.connect.interfaces.search.csproj", "{F41243F3-ABE7-46C2-A2CA-B28E16D9DC24}"
EndProject
Project("{9A19103F-16F7-4668-BE54-9A1E7A4F7556}") = "trifenix.connect.agro.interfaces.search", "trifenix.connect.agro.interfaces.search\trifenix.connect.agro.interfaces.search.csproj", "{9A81A9B5-2C78-4558-AED0-1EAC7EBABB31}"
EndProject
Project("{9A19103F-16F7-4668-BE54-9A1E7A4F7556}") = "trifenix.connect.agro.interfaces.external", "trifenix.connect.agro.interfaces.external\trifenix.connect.agro.interfaces.external.csproj", "{932AE1B3-0123-4C5F-9B7A-498C2615FDAB}"
EndProject
Project("{9A19103F-16F7-4668-BE54-9A1E7A4F7556}") = "trifenix.connect.agro.interfaces", "trifenix.connect.agro.interfaces\trifenix.connect.agro.interfaces.csproj", "{D6BD7BF3-DEA1-4A6E-A06F-C3D6687E1291}"
EndProject
Project("{9A19103F-16F7-4668-BE54-9A1E7A4F7556}") = "trifenix.connect.agro.external", "trifenix.connect.agro.external\trifenix.connect.agro.external.csproj", "{D3518C13-6ED1-4B80-945D-D1573A31D12C}"
EndProject
Project("{9A19103F-16F7-4668-BE54-9A1E7A4F7556}") = "trifenix.connect.graph", "trifenix.connect.graph\trifenix.connect.graph.csproj", "{402ACAED-3089-4431-8F64-0CFFBFB86866}"
EndProject
Project("{9A19103F-16F7-4668-BE54-9A1E7A4F7556}") = "trifenix.connect.db", "trifenix.connect.db\trifenix.connect.db.csproj", "{ABB67CB3-5232-46A9-AA2B-C066D7CD2C4B}"
EndProject
Project("{9A19103F-16F7-4668-BE54-9A1E7A4F7556}") = "trifenix.connect.agro.queries", "trifenix.connect.agro.queries\trifenix.connect.agro.queries.csproj", "{ED2B32BF-E8DA-44CD-BB9A-7434B807222B}"
EndProject
Project("{2150E333-8FDC-42A3-9474-1A3956D46DE8}") = "agro", "agro", "{D568A6B9-749D-447F-BDD2-C4CD25790C66}"
EndProject
Project("{2150E333-8FDC-42A3-9474-1A3956D46DE8}") = "connect", "connect", "{2E96535C-6B12-4899-A5E6-38AEA352400C}"
EndProject
Project("{9A19103F-16F7-4668-BE54-9A1E7A4F7556}") = "trifenix.connect.mdm.search.model", "trifenix.connect.mdm.search.model\trifenix.connect.mdm.search.model.csproj", "{C8E4C0D8-1052-4EF4-9D35-991567F0A4C9}"
EndProject
Project("{9A19103F-16F7-4668-BE54-9A1E7A4F7556}") = "trifenix.connect.search", "trifenix.connect.search\trifenix.connect.search.csproj", "{BFF55325-052C-4274-8A23-CD6E140EF462}"
EndProject
Project("{9A19103F-16F7-4668-BE54-9A1E7A4F7556}") = "trifenix.connect.external", "trifenix.connect.external\trifenix.connect.external.csproj", "{6F13D78F-F5B4-43F6-9555-E547C9E50401}"
EndProject
Project("{9A19103F-16F7-4668-BE54-9A1E7A4F7556}") = "trifenix.connect.auth", "trifenix.connect.auth\trifenix.connect.auth.csproj", "{E51AAE04-438D-469A-A85E-333F40450D91}"
EndProject
Project("{9A19103F-16F7-4668-BE54-9A1E7A4F7556}") = "trifenix.connect.email", "trifenix.connect.email\trifenix.connect.email.csproj", "{3DF27FC6-19DB-4691-A9AA-D0C842286993}"
EndProject
Project("{9A19103F-16F7-4668-BE54-9A1E7A4F7556}") = "trifenix.connect.agro.bus", "trifenix.connect.agro.bus\trifenix.connect.agro.bus.csproj", "{0AF5EDBF-F08D-4F82-8666-1F5B85ABE954}"
EndProject
Project("{9A19103F-16F7-4668-BE54-9A1E7A4F7556}") = "trifenix.connect.storage.azure", "trifenix.connect.storage.azure\trifenix.connect.storage.azure.csproj", "{47FDE351-8266-4168-9E43-4A0501DBB622}"
EndProject
Project("{9A19103F-16F7-4668-BE54-9A1E7A4F7556}") = "trifenix.connect.translate", "trifenix.connect.translate\trifenix.connect.translate.csproj", "{E8F583F3-65D0-495F-89E3-C0B69B6B91B6}"
EndProject
Project("{9A19103F-16F7-4668-BE54-9A1E7A4F7556}") = "trifenix.connect.agro.tests", "trifenix.connect.agro.tests\trifenix.connect.agro.tests.csproj", "{F7D67897-0BA1-47B6-800E-453C50655542}"
EndProject
Global
	GlobalSection(SolutionConfigurationPlatforms) = preSolution
		Debug|Any CPU = Debug|Any CPU
		Release|Any CPU = Release|Any CPU
	EndGlobalSection
	GlobalSection(ProjectConfigurationPlatforms) = postSolution
		{8B825801-F6C3-4B65-AFDA-15149C09DBBE}.Debug|Any CPU.ActiveCfg = Debug|Any CPU
		{8B825801-F6C3-4B65-AFDA-15149C09DBBE}.Debug|Any CPU.Build.0 = Debug|Any CPU
		{8B825801-F6C3-4B65-AFDA-15149C09DBBE}.Release|Any CPU.ActiveCfg = Release|Any CPU
		{8B825801-F6C3-4B65-AFDA-15149C09DBBE}.Release|Any CPU.Build.0 = Release|Any CPU
		{65EE9EE8-E926-40A1-80AD-75A82E82ABA2}.Debug|Any CPU.ActiveCfg = Debug|Any CPU
		{65EE9EE8-E926-40A1-80AD-75A82E82ABA2}.Debug|Any CPU.Build.0 = Debug|Any CPU
		{65EE9EE8-E926-40A1-80AD-75A82E82ABA2}.Release|Any CPU.ActiveCfg = Release|Any CPU
		{65EE9EE8-E926-40A1-80AD-75A82E82ABA2}.Release|Any CPU.Build.0 = Release|Any CPU
		{E6A09456-0499-4124-9170-C46A70344131}.Debug|Any CPU.ActiveCfg = Debug|Any CPU
		{E6A09456-0499-4124-9170-C46A70344131}.Debug|Any CPU.Build.0 = Debug|Any CPU
		{E6A09456-0499-4124-9170-C46A70344131}.Release|Any CPU.ActiveCfg = Release|Any CPU
		{E6A09456-0499-4124-9170-C46A70344131}.Release|Any CPU.Build.0 = Release|Any CPU
		{70445617-9BA5-4DEF-8380-24A359BFE323}.Debug|Any CPU.ActiveCfg = Debug|Any CPU
		{70445617-9BA5-4DEF-8380-24A359BFE323}.Debug|Any CPU.Build.0 = Debug|Any CPU
		{70445617-9BA5-4DEF-8380-24A359BFE323}.Release|Any CPU.ActiveCfg = Release|Any CPU
		{70445617-9BA5-4DEF-8380-24A359BFE323}.Release|Any CPU.Build.0 = Release|Any CPU
		{F471F8BD-12BA-4D30-863A-77D847EAB5A1}.Debug|Any CPU.ActiveCfg = Debug|Any CPU
		{F471F8BD-12BA-4D30-863A-77D847EAB5A1}.Debug|Any CPU.Build.0 = Debug|Any CPU
		{F471F8BD-12BA-4D30-863A-77D847EAB5A1}.Release|Any CPU.ActiveCfg = Release|Any CPU
		{F471F8BD-12BA-4D30-863A-77D847EAB5A1}.Release|Any CPU.Build.0 = Release|Any CPU
		{75FF7996-B064-40C7-A099-8029DC07262A}.Debug|Any CPU.ActiveCfg = Debug|Any CPU
		{75FF7996-B064-40C7-A099-8029DC07262A}.Debug|Any CPU.Build.0 = Debug|Any CPU
		{75FF7996-B064-40C7-A099-8029DC07262A}.Release|Any CPU.ActiveCfg = Release|Any CPU
		{75FF7996-B064-40C7-A099-8029DC07262A}.Release|Any CPU.Build.0 = Release|Any CPU
		{F9813F3A-0F57-46B2-BE1E-DECA341E6F42}.Debug|Any CPU.ActiveCfg = Debug|Any CPU
		{F9813F3A-0F57-46B2-BE1E-DECA341E6F42}.Debug|Any CPU.Build.0 = Debug|Any CPU
		{F9813F3A-0F57-46B2-BE1E-DECA341E6F42}.Release|Any CPU.ActiveCfg = Release|Any CPU
		{F9813F3A-0F57-46B2-BE1E-DECA341E6F42}.Release|Any CPU.Build.0 = Release|Any CPU
		{291A042F-8643-44E5-87FB-8E5F03AF7B04}.Debug|Any CPU.ActiveCfg = Debug|Any CPU
		{291A042F-8643-44E5-87FB-8E5F03AF7B04}.Debug|Any CPU.Build.0 = Debug|Any CPU
		{291A042F-8643-44E5-87FB-8E5F03AF7B04}.Release|Any CPU.ActiveCfg = Release|Any CPU
		{291A042F-8643-44E5-87FB-8E5F03AF7B04}.Release|Any CPU.Build.0 = Release|Any CPU
		{FF9ED374-6CB2-42A5-A30E-F00140834DBE}.Debug|Any CPU.ActiveCfg = Debug|Any CPU
		{FF9ED374-6CB2-42A5-A30E-F00140834DBE}.Debug|Any CPU.Build.0 = Debug|Any CPU
		{FF9ED374-6CB2-42A5-A30E-F00140834DBE}.Release|Any CPU.ActiveCfg = Release|Any CPU
		{FF9ED374-6CB2-42A5-A30E-F00140834DBE}.Release|Any CPU.Build.0 = Release|Any CPU
		{67E4E4D0-8248-4235-B7F1-963B1617A825}.Debug|Any CPU.ActiveCfg = Debug|Any CPU
		{67E4E4D0-8248-4235-B7F1-963B1617A825}.Debug|Any CPU.Build.0 = Debug|Any CPU
		{67E4E4D0-8248-4235-B7F1-963B1617A825}.Release|Any CPU.ActiveCfg = Release|Any CPU
		{67E4E4D0-8248-4235-B7F1-963B1617A825}.Release|Any CPU.Build.0 = Release|Any CPU
		{3CAB6709-F5B1-4C31-B77E-56976FB90B04}.Debug|Any CPU.ActiveCfg = Debug|Any CPU
		{3CAB6709-F5B1-4C31-B77E-56976FB90B04}.Debug|Any CPU.Build.0 = Debug|Any CPU
		{3CAB6709-F5B1-4C31-B77E-56976FB90B04}.Release|Any CPU.ActiveCfg = Release|Any CPU
		{3CAB6709-F5B1-4C31-B77E-56976FB90B04}.Release|Any CPU.Build.0 = Release|Any CPU
		{2493D12A-A4FD-4A2C-BAB7-7A5683D44F5F}.Debug|Any CPU.ActiveCfg = Debug|Any CPU
		{2493D12A-A4FD-4A2C-BAB7-7A5683D44F5F}.Debug|Any CPU.Build.0 = Debug|Any CPU
		{2493D12A-A4FD-4A2C-BAB7-7A5683D44F5F}.Release|Any CPU.ActiveCfg = Release|Any CPU
		{2493D12A-A4FD-4A2C-BAB7-7A5683D44F5F}.Release|Any CPU.Build.0 = Release|Any CPU
		{C873C8DD-BFC1-4E92-B7B7-4E362B068F20}.Debug|Any CPU.ActiveCfg = Debug|Any CPU
		{C873C8DD-BFC1-4E92-B7B7-4E362B068F20}.Debug|Any CPU.Build.0 = Debug|Any CPU
		{C873C8DD-BFC1-4E92-B7B7-4E362B068F20}.Release|Any CPU.ActiveCfg = Release|Any CPU
		{C873C8DD-BFC1-4E92-B7B7-4E362B068F20}.Release|Any CPU.Build.0 = Release|Any CPU
		{535D783D-3A6E-48FA-BA35-A1D3DC227C7A}.Debug|Any CPU.ActiveCfg = Debug|Any CPU
		{535D783D-3A6E-48FA-BA35-A1D3DC227C7A}.Debug|Any CPU.Build.0 = Debug|Any CPU
		{535D783D-3A6E-48FA-BA35-A1D3DC227C7A}.Release|Any CPU.ActiveCfg = Release|Any CPU
		{535D783D-3A6E-48FA-BA35-A1D3DC227C7A}.Release|Any CPU.Build.0 = Release|Any CPU
		{E3CE218A-563D-465A-A825-0A5422899CB1}.Debug|Any CPU.ActiveCfg = Debug|Any CPU
		{E3CE218A-563D-465A-A825-0A5422899CB1}.Debug|Any CPU.Build.0 = Debug|Any CPU
		{E3CE218A-563D-465A-A825-0A5422899CB1}.Release|Any CPU.ActiveCfg = Release|Any CPU
		{E3CE218A-563D-465A-A825-0A5422899CB1}.Release|Any CPU.Build.0 = Release|Any CPU
		{ACA9C1BD-B86F-4E78-917E-3723A2ECE4C2}.Debug|Any CPU.ActiveCfg = Debug|Any CPU
		{ACA9C1BD-B86F-4E78-917E-3723A2ECE4C2}.Debug|Any CPU.Build.0 = Debug|Any CPU
		{ACA9C1BD-B86F-4E78-917E-3723A2ECE4C2}.Release|Any CPU.ActiveCfg = Release|Any CPU
		{ACA9C1BD-B86F-4E78-917E-3723A2ECE4C2}.Release|Any CPU.Build.0 = Release|Any CPU
		{F41243F3-ABE7-46C2-A2CA-B28E16D9DC24}.Debug|Any CPU.ActiveCfg = Debug|Any CPU
		{F41243F3-ABE7-46C2-A2CA-B28E16D9DC24}.Debug|Any CPU.Build.0 = Debug|Any CPU
		{F41243F3-ABE7-46C2-A2CA-B28E16D9DC24}.Release|Any CPU.ActiveCfg = Release|Any CPU
		{F41243F3-ABE7-46C2-A2CA-B28E16D9DC24}.Release|Any CPU.Build.0 = Release|Any CPU
		{9A81A9B5-2C78-4558-AED0-1EAC7EBABB31}.Debug|Any CPU.ActiveCfg = Debug|Any CPU
		{9A81A9B5-2C78-4558-AED0-1EAC7EBABB31}.Debug|Any CPU.Build.0 = Debug|Any CPU
		{9A81A9B5-2C78-4558-AED0-1EAC7EBABB31}.Release|Any CPU.ActiveCfg = Release|Any CPU
		{9A81A9B5-2C78-4558-AED0-1EAC7EBABB31}.Release|Any CPU.Build.0 = Release|Any CPU
		{932AE1B3-0123-4C5F-9B7A-498C2615FDAB}.Debug|Any CPU.ActiveCfg = Debug|Any CPU
		{932AE1B3-0123-4C5F-9B7A-498C2615FDAB}.Debug|Any CPU.Build.0 = Debug|Any CPU
		{932AE1B3-0123-4C5F-9B7A-498C2615FDAB}.Release|Any CPU.ActiveCfg = Release|Any CPU
		{932AE1B3-0123-4C5F-9B7A-498C2615FDAB}.Release|Any CPU.Build.0 = Release|Any CPU
		{D6BD7BF3-DEA1-4A6E-A06F-C3D6687E1291}.Debug|Any CPU.ActiveCfg = Debug|Any CPU
		{D6BD7BF3-DEA1-4A6E-A06F-C3D6687E1291}.Debug|Any CPU.Build.0 = Debug|Any CPU
		{D6BD7BF3-DEA1-4A6E-A06F-C3D6687E1291}.Release|Any CPU.ActiveCfg = Release|Any CPU
		{D6BD7BF3-DEA1-4A6E-A06F-C3D6687E1291}.Release|Any CPU.Build.0 = Release|Any CPU
		{D3518C13-6ED1-4B80-945D-D1573A31D12C}.Debug|Any CPU.ActiveCfg = Debug|Any CPU
		{D3518C13-6ED1-4B80-945D-D1573A31D12C}.Debug|Any CPU.Build.0 = Debug|Any CPU
		{D3518C13-6ED1-4B80-945D-D1573A31D12C}.Release|Any CPU.ActiveCfg = Release|Any CPU
		{D3518C13-6ED1-4B80-945D-D1573A31D12C}.Release|Any CPU.Build.0 = Release|Any CPU
		{402ACAED-3089-4431-8F64-0CFFBFB86866}.Debug|Any CPU.ActiveCfg = Debug|Any CPU
		{402ACAED-3089-4431-8F64-0CFFBFB86866}.Debug|Any CPU.Build.0 = Debug|Any CPU
		{402ACAED-3089-4431-8F64-0CFFBFB86866}.Release|Any CPU.ActiveCfg = Release|Any CPU
		{402ACAED-3089-4431-8F64-0CFFBFB86866}.Release|Any CPU.Build.0 = Release|Any CPU
		{ABB67CB3-5232-46A9-AA2B-C066D7CD2C4B}.Debug|Any CPU.ActiveCfg = Debug|Any CPU
		{ABB67CB3-5232-46A9-AA2B-C066D7CD2C4B}.Debug|Any CPU.Build.0 = Debug|Any CPU
		{ABB67CB3-5232-46A9-AA2B-C066D7CD2C4B}.Release|Any CPU.ActiveCfg = Release|Any CPU
		{ABB67CB3-5232-46A9-AA2B-C066D7CD2C4B}.Release|Any CPU.Build.0 = Release|Any CPU
		{ED2B32BF-E8DA-44CD-BB9A-7434B807222B}.Debug|Any CPU.ActiveCfg = Debug|Any CPU
		{ED2B32BF-E8DA-44CD-BB9A-7434B807222B}.Debug|Any CPU.Build.0 = Debug|Any CPU
		{ED2B32BF-E8DA-44CD-BB9A-7434B807222B}.Release|Any CPU.ActiveCfg = Release|Any CPU
		{ED2B32BF-E8DA-44CD-BB9A-7434B807222B}.Release|Any CPU.Build.0 = Release|Any CPU
		{C8E4C0D8-1052-4EF4-9D35-991567F0A4C9}.Debug|Any CPU.ActiveCfg = Debug|Any CPU
		{C8E4C0D8-1052-4EF4-9D35-991567F0A4C9}.Debug|Any CPU.Build.0 = Debug|Any CPU
		{C8E4C0D8-1052-4EF4-9D35-991567F0A4C9}.Release|Any CPU.ActiveCfg = Release|Any CPU
		{C8E4C0D8-1052-4EF4-9D35-991567F0A4C9}.Release|Any CPU.Build.0 = Release|Any CPU
		{BFF55325-052C-4274-8A23-CD6E140EF462}.Debug|Any CPU.ActiveCfg = Debug|Any CPU
		{BFF55325-052C-4274-8A23-CD6E140EF462}.Debug|Any CPU.Build.0 = Debug|Any CPU
		{BFF55325-052C-4274-8A23-CD6E140EF462}.Release|Any CPU.ActiveCfg = Release|Any CPU
		{BFF55325-052C-4274-8A23-CD6E140EF462}.Release|Any CPU.Build.0 = Release|Any CPU
		{6F13D78F-F5B4-43F6-9555-E547C9E50401}.Debug|Any CPU.ActiveCfg = Debug|Any CPU
		{6F13D78F-F5B4-43F6-9555-E547C9E50401}.Debug|Any CPU.Build.0 = Debug|Any CPU
		{6F13D78F-F5B4-43F6-9555-E547C9E50401}.Release|Any CPU.ActiveCfg = Release|Any CPU
		{6F13D78F-F5B4-43F6-9555-E547C9E50401}.Release|Any CPU.Build.0 = Release|Any CPU
		{E51AAE04-438D-469A-A85E-333F40450D91}.Debug|Any CPU.ActiveCfg = Debug|Any CPU
		{E51AAE04-438D-469A-A85E-333F40450D91}.Debug|Any CPU.Build.0 = Debug|Any CPU
		{E51AAE04-438D-469A-A85E-333F40450D91}.Release|Any CPU.ActiveCfg = Release|Any CPU
		{E51AAE04-438D-469A-A85E-333F40450D91}.Release|Any CPU.Build.0 = Release|Any CPU
		{3DF27FC6-19DB-4691-A9AA-D0C842286993}.Debug|Any CPU.ActiveCfg = Debug|Any CPU
		{3DF27FC6-19DB-4691-A9AA-D0C842286993}.Debug|Any CPU.Build.0 = Debug|Any CPU
		{3DF27FC6-19DB-4691-A9AA-D0C842286993}.Release|Any CPU.ActiveCfg = Release|Any CPU
		{3DF27FC6-19DB-4691-A9AA-D0C842286993}.Release|Any CPU.Build.0 = Release|Any CPU
		{0AF5EDBF-F08D-4F82-8666-1F5B85ABE954}.Debug|Any CPU.ActiveCfg = Debug|Any CPU
		{0AF5EDBF-F08D-4F82-8666-1F5B85ABE954}.Debug|Any CPU.Build.0 = Debug|Any CPU
		{0AF5EDBF-F08D-4F82-8666-1F5B85ABE954}.Release|Any CPU.ActiveCfg = Release|Any CPU
		{0AF5EDBF-F08D-4F82-8666-1F5B85ABE954}.Release|Any CPU.Build.0 = Release|Any CPU
		{47FDE351-8266-4168-9E43-4A0501DBB622}.Debug|Any CPU.ActiveCfg = Debug|Any CPU
		{47FDE351-8266-4168-9E43-4A0501DBB622}.Debug|Any CPU.Build.0 = Debug|Any CPU
		{47FDE351-8266-4168-9E43-4A0501DBB622}.Release|Any CPU.ActiveCfg = Release|Any CPU
		{47FDE351-8266-4168-9E43-4A0501DBB622}.Release|Any CPU.Build.0 = Release|Any CPU
		{E8F583F3-65D0-495F-89E3-C0B69B6B91B6}.Debug|Any CPU.ActiveCfg = Debug|Any CPU
		{E8F583F3-65D0-495F-89E3-C0B69B6B91B6}.Debug|Any CPU.Build.0 = Debug|Any CPU
		{E8F583F3-65D0-495F-89E3-C0B69B6B91B6}.Release|Any CPU.ActiveCfg = Release|Any CPU
		{E8F583F3-65D0-495F-89E3-C0B69B6B91B6}.Release|Any CPU.Build.0 = Release|Any CPU
		{F7D67897-0BA1-47B6-800E-453C50655542}.Debug|Any CPU.ActiveCfg = Debug|Any CPU
		{F7D67897-0BA1-47B6-800E-453C50655542}.Debug|Any CPU.Build.0 = Debug|Any CPU
		{F7D67897-0BA1-47B6-800E-453C50655542}.Release|Any CPU.ActiveCfg = Release|Any CPU
		{F7D67897-0BA1-47B6-800E-453C50655542}.Release|Any CPU.Build.0 = Release|Any CPU
	EndGlobalSection
	GlobalSection(SolutionProperties) = preSolution
		HideSolutionNode = FALSE
	EndGlobalSection
	GlobalSection(NestedProjects) = preSolution
		{8B825801-F6C3-4B65-AFDA-15149C09DBBE} = {85917EE6-3B67-4DEF-8521-9C4C946E5D1B}
		{65EE9EE8-E926-40A1-80AD-75A82E82ABA2} = {85917EE6-3B67-4DEF-8521-9C4C946E5D1B}
		{E6A09456-0499-4124-9170-C46A70344131} = {2E96535C-6B12-4899-A5E6-38AEA352400C}
		{70445617-9BA5-4DEF-8380-24A359BFE323} = {D568A6B9-749D-447F-BDD2-C4CD25790C66}
		{F471F8BD-12BA-4D30-863A-77D847EAB5A1} = {2E96535C-6B12-4899-A5E6-38AEA352400C}
		{75FF7996-B064-40C7-A099-8029DC07262A} = {2E96535C-6B12-4899-A5E6-38AEA352400C}
		{F9813F3A-0F57-46B2-BE1E-DECA341E6F42} = {2E96535C-6B12-4899-A5E6-38AEA352400C}
		{291A042F-8643-44E5-87FB-8E5F03AF7B04} = {85917EE6-3B67-4DEF-8521-9C4C946E5D1B}
		{FF9ED374-6CB2-42A5-A30E-F00140834DBE} = {23C37ED3-B158-4C66-B4DE-47C7AF78E08D}
		{67E4E4D0-8248-4235-B7F1-963B1617A825} = {6E68CDFE-6001-453D-8006-71282761E711}
		{6E68CDFE-6001-453D-8006-71282761E711} = {2E96535C-6B12-4899-A5E6-38AEA352400C}
		{3CAB6709-F5B1-4C31-B77E-56976FB90B04} = {6E68CDFE-6001-453D-8006-71282761E711}
		{2493D12A-A4FD-4A2C-BAB7-7A5683D44F5F} = {2E96535C-6B12-4899-A5E6-38AEA352400C}
		{C873C8DD-BFC1-4E92-B7B7-4E362B068F20} = {6E68CDFE-6001-453D-8006-71282761E711}
		{2913876B-E5CC-446D-B6BF-B8A5F0FBF6DF} = {D568A6B9-749D-447F-BDD2-C4CD25790C66}
		{535D783D-3A6E-48FA-BA35-A1D3DC227C7A} = {2913876B-E5CC-446D-B6BF-B8A5F0FBF6DF}
		{E3CE218A-563D-465A-A825-0A5422899CB1} = {2E96535C-6B12-4899-A5E6-38AEA352400C}
		{ACA9C1BD-B86F-4E78-917E-3723A2ECE4C2} = {6E68CDFE-6001-453D-8006-71282761E711}
		{F41243F3-ABE7-46C2-A2CA-B28E16D9DC24} = {6E68CDFE-6001-453D-8006-71282761E711}
		{9A81A9B5-2C78-4558-AED0-1EAC7EBABB31} = {2913876B-E5CC-446D-B6BF-B8A5F0FBF6DF}
		{932AE1B3-0123-4C5F-9B7A-498C2615FDAB} = {2913876B-E5CC-446D-B6BF-B8A5F0FBF6DF}
		{D6BD7BF3-DEA1-4A6E-A06F-C3D6687E1291} = {2913876B-E5CC-446D-B6BF-B8A5F0FBF6DF}
		{D3518C13-6ED1-4B80-945D-D1573A31D12C} = {D568A6B9-749D-447F-BDD2-C4CD25790C66}
		{402ACAED-3089-4431-8F64-0CFFBFB86866} = {2E96535C-6B12-4899-A5E6-38AEA352400C}
		{ABB67CB3-5232-46A9-AA2B-C066D7CD2C4B} = {2E96535C-6B12-4899-A5E6-38AEA352400C}
		{ED2B32BF-E8DA-44CD-BB9A-7434B807222B} = {D568A6B9-749D-447F-BDD2-C4CD25790C66}
		{D568A6B9-749D-447F-BDD2-C4CD25790C66} = {297C0E5E-8B8E-4365-8E45-B795596FB57A}
		{2E96535C-6B12-4899-A5E6-38AEA352400C} = {297C0E5E-8B8E-4365-8E45-B795596FB57A}
		{C8E4C0D8-1052-4EF4-9D35-991567F0A4C9} = {2E96535C-6B12-4899-A5E6-38AEA352400C}
		{BFF55325-052C-4274-8A23-CD6E140EF462} = {2E96535C-6B12-4899-A5E6-38AEA352400C}
		{6F13D78F-F5B4-43F6-9555-E547C9E50401} = {2E96535C-6B12-4899-A5E6-38AEA352400C}
		{E51AAE04-438D-469A-A85E-333F40450D91} = {2E96535C-6B12-4899-A5E6-38AEA352400C}
		{3DF27FC6-19DB-4691-A9AA-D0C842286993} = {2E96535C-6B12-4899-A5E6-38AEA352400C}
		{0AF5EDBF-F08D-4F82-8666-1F5B85ABE954} = {D568A6B9-749D-447F-BDD2-C4CD25790C66}
		{47FDE351-8266-4168-9E43-4A0501DBB622} = {2E96535C-6B12-4899-A5E6-38AEA352400C}
		{E8F583F3-65D0-495F-89E3-C0B69B6B91B6} = {2E96535C-6B12-4899-A5E6-38AEA352400C}
		{F7D67897-0BA1-47B6-800E-453C50655542} = {D568A6B9-749D-447F-BDD2-C4CD25790C66}
	EndGlobalSection
	GlobalSection(ExtensibilityGlobals) = postSolution
		SolutionGuid = {2C0C9D82-464E-4741-8541-CDC460278FEC}
	EndGlobalSection
EndGlobal
